# THIS IS AN AUTOGENERATED FILE. DO NOT EDIT THIS FILE DIRECTLY.
# yarn lockfile v1


fsevents@~2.3.2:
  version "2.3.2"
  resolved "https://registry.npmmirror.com/fsevents/-/fsevents-2.3.2.tgz#8a526f78b8fdf4623b709e0b975c52c24c02fd1a"
  integrity sha512-xiqMQR4xAeHTuB9uWm+fFRcIOgKBMiOBP+eXiyT7jsgVCq1bkVygt00oASowB7EdtpOHaaPgKt812P9ab+DDKA==

rollup@^3.5.0:
  version "3.5.0"
  resolved "https://registry.npmmirror.com/rollup/-/rollup-3.5.0.tgz#dfe5cba22c2c074691b4c25b9b8e9cfd90ac712b"
  integrity sha512-TYu2L+TGhmNsXCtByont89u+ATQLcDy6A+++PwLXYunRtOm7XnaD+65s1pvewaOxMYR0eOkMXn9/i0saBxxpnQ==
  optionalDependencies:
    fsevents "~2.3.2"
